// !$*UTF8*$!
{
	archiveVersion = 1;
	classes = {
	};
	objectVersion = 48;
	objects = {

/* Begin PBXBuildFile section */
		E2CF7C951F3EB0C400962F1D /* AppDelegate.swift in Sources */ = {isa = PBXBuildFile; fileRef = E2CF7C941F3EB0C400962F1D /* AppDelegate.swift */; };
		E2CF7C971F3EB0C400962F1D /* MainVC.swift in Sources */ = {isa = PBXBuildFile; fileRef = E2CF7C961F3EB0C400962F1D /* MainVC.swift */; };
		E2CF7C9A1F3EB0C400962F1D /* Main.storyboard in Resources */ = {isa = PBXBuildFile; fileRef = E2CF7C981F3EB0C400962F1D /* Main.storyboard */; };
		E2CF7C9C1F3EB0C400962F1D /* Assets.xcassets in Resources */ = {isa = PBXBuildFile; fileRef = E2CF7C9B1F3EB0C400962F1D /* Assets.xcassets */; };
		E2CF7C9F1F3EB0C400962F1D /* LaunchScreen.storyboard in Resources */ = {isa = PBXBuildFile; fileRef = E2CF7C9D1F3EB0C400962F1D /* LaunchScreen.storyboard */; };
		E2CF7CA91F3EB36700962F1D /* CurrencyTxtField.swift in Sources */ = {isa = PBXBuildFile; fileRef = E2CF7CA81F3EB36700962F1D /* CurrencyTxtField.swift */; };
		E2CF7CB11F3F974800962F1D /* ShopperTests.swift in Sources */ = {isa = PBXBuildFile; fileRef = E2CF7CB01F3F974800962F1D /* ShopperTests.swift */; };
		E2CF7CBA1F3F976F00962F1D /* Wage.swift in Sources */ = {isa = PBXBuildFile; fileRef = E2CF7CB91F3F976F00962F1D /* Wage.swift */; };
		E2CF7CBB1F3F98A700962F1D /* Wage.swift in Sources */ = {isa = PBXBuildFile; fileRef = E2CF7CB91F3F976F00962F1D /* Wage.swift */; };
/* End PBXBuildFile section */

/* Begin PBXContainerItemProxy section */
		E2CF7CB31F3F974800962F1D /* PBXContainerItemProxy */ = {
			isa = PBXContainerItemProxy;
			containerPortal = E2CF7C891F3EB0C400962F1D /* Project object */;
			proxyType = 1;
			remoteGlobalIDString = E2CF7C901F3EB0C400962F1D;
			remoteInfo = Shopper;
		};
/* End PBXContainerItemProxy section */

/* Begin PBXFileReference section */
		E2CF7C911F3EB0C400962F1D /* Shopper.app */ = {isa = PBXFileReference; explicitFileType = wrapper.application; includeInIndex = 0; path = Shopper.app; sourceTree = BUILT_PRODUCTS_DIR; };
		E2CF7C941F3EB0C400962F1D /* AppDelegate.swift */ = {isa = PBXFileReference; lastKnownFileType = sourcecode.swift; path = AppDelegate.swift; sourceTree = "<group>"; };
		E2CF7C961F3EB0C400962F1D /* MainVC.swift */ = {isa = PBXFileReference; lastKnownFileType = sourcecode.swift; path = MainVC.swift; sourceTree = "<group>"; };
		E2CF7C991F3EB0C400962F1D /* Base */ = {isa = PBXFileReference; lastKnownFileType = file.storyboard; name = Base; path = Base.lproj/Main.storyboard; sourceTree = "<group>"; };
		E2CF7C9B1F3EB0C400962F1D /* Assets.xcassets */ = {isa = PBXFileReference; lastKnownFileType = folder.assetcatalog; path = Assets.xcassets; sourceTree = "<group>"; };
		E2CF7C9E1F3EB0C400962F1D /* Base */ = {isa = PBXFileReference; lastKnownFileType = file.storyboard; name = Base; path = Base.lproj/LaunchScreen.storyboard; sourceTree = "<group>"; };
		E2CF7CA01F3EB0C400962F1D /* Info.plist */ = {isa = PBXFileReference; lastKnownFileType = text.plist.xml; path = Info.plist; sourceTree = "<group>"; };
		E2CF7CA81F3EB36700962F1D /* CurrencyTxtField.swift */ = {isa = PBXFileReference; lastKnownFileType = sourcecode.swift; path = CurrencyTxtField.swift; sourceTree = "<group>"; };
		E2CF7CAE1F3F974800962F1D /* ShopperTests.xctest */ = {isa = PBXFileReference; explicitFileType = wrapper.cfbundle; includeInIndex = 0; path = ShopperTests.xctest; sourceTree = BUILT_PRODUCTS_DIR; };
		E2CF7CB01F3F974800962F1D /* ShopperTests.swift */ = {isa = PBXFileReference; lastKnownFileType = sourcecode.swift; path = ShopperTests.swift; sourceTree = "<group>"; };
		E2CF7CB21F3F974800962F1D /* Info.plist */ = {isa = PBXFileReference; lastKnownFileType = text.plist.xml; path = Info.plist; sourceTree = "<group>"; };
		E2CF7CB91F3F976F00962F1D /* Wage.swift */ = {isa = PBXFileReference; lastKnownFileType = sourcecode.swift; path = Wage.swift; sourceTree = "<group>"; };
/* End PBXFileReference section */

/* Begin PBXFrameworksBuildPhase section */
		E2CF7C8E1F3EB0C400962F1D /* Frameworks */ = {
			isa = PBXFrameworksBuildPhase;
			buildActionMask = 2147483647;
			files = (
			);
			runOnlyForDeploymentPostprocessing = 0;
		};
		E2CF7CAB1F3F974800962F1D /* Frameworks */ = {
			isa = PBXFrameworksBuildPhase;
			buildActionMask = 2147483647;
			files = (
			);
			runOnlyForDeploymentPostprocessing = 0;
		};
/* End PBXFrameworksBuildPhase section */

/* Begin PBXGroup section */
		E2CF7C881F3EB0C400962F1D = {
			isa = PBXGroup;
			children = (
				E2CF7C931F3EB0C400962F1D /* Shopper */,
				E2CF7CAF1F3F974800962F1D /* ShopperTests */,
				E2CF7C921F3EB0C400962F1D /* Products */,
			);
			sourceTree = "<group>";
		};
		E2CF7C921F3EB0C400962F1D /* Products */ = {
			isa = PBXGroup;
			children = (
				E2CF7C911F3EB0C400962F1D /* Shopper.app */,
				E2CF7CAE1F3F974800962F1D /* ShopperTests.xctest */,
			);
			name = Products;
			sourceTree = "<group>";
		};
		E2CF7C931F3EB0C400962F1D /* Shopper */ = {
			isa = PBXGroup;
			children = (
				E2CF7CB81F3F975A00962F1D /* Model */,
				E2CF7CA71F3EB32600962F1D /* Views */,
				E2CF7CA61F3EB22300962F1D /* Controller */,
				E2CF7C941F3EB0C400962F1D /* AppDelegate.swift */,
				E2CF7C981F3EB0C400962F1D /* Main.storyboard */,
				E2CF7C9B1F3EB0C400962F1D /* Assets.xcassets */,
				E2CF7C9D1F3EB0C400962F1D /* LaunchScreen.storyboard */,
				E2CF7CA01F3EB0C400962F1D /* Info.plist */,
			);
			path = Shopper;
			sourceTree = "<group>";
		};
		E2CF7CA61F3EB22300962F1D /* Controller */ = {
			isa = PBXGroup;
			children = (
				E2CF7C961F3EB0C400962F1D /* MainVC.swift */,
			);
			path = Controller;
			sourceTree = "<group>";
		};
		E2CF7CA71F3EB32600962F1D /* Views */ = {
			isa = PBXGroup;
			children = (
				E2CF7CA81F3EB36700962F1D /* CurrencyTxtField.swift */,
			);
			path = Views;
			sourceTree = "<group>";
		};
		E2CF7CAF1F3F974800962F1D /* ShopperTests */ = {
			isa = PBXGroup;
			children = (
				E2CF7CB01F3F974800962F1D /* ShopperTests.swift */,
				E2CF7CB21F3F974800962F1D /* Info.plist */,
			);
			path = ShopperTests;
			sourceTree = "<group>";
		};
		E2CF7CB81F3F975A00962F1D /* Model */ = {
			isa = PBXGroup;
			children = (
				E2CF7CB91F3F976F00962F1D /* Wage.swift */,
			);
			path = Model;
			sourceTree = "<group>";
		};
/* End PBXGroup section */

/* Begin PBXNativeTarget section */
		E2CF7C901F3EB0C400962F1D /* Shopper */ = {
			isa = PBXNativeTarget;
			buildConfigurationList = E2CF7CA31F3EB0C400962F1D /* Build configuration list for PBXNativeTarget "Shopper" */;
			buildPhases = (
				E2CF7C8D1F3EB0C400962F1D /* Sources */,
				E2CF7C8E1F3EB0C400962F1D /* Frameworks */,
				E2CF7C8F1F3EB0C400962F1D /* Resources */,
			);
			buildRules = (
			);
			dependencies = (
			);
			name = Shopper;
			productName = Shopper;
			productReference = E2CF7C911F3EB0C400962F1D /* Shopper.app */;
			productType = "com.apple.product-type.application";
		};
		E2CF7CAD1F3F974800962F1D /* ShopperTests */ = {
			isa = PBXNativeTarget;
			buildConfigurationList = E2CF7CB51F3F974800962F1D /* Build configuration list for PBXNativeTarget "ShopperTests" */;
			buildPhases = (
				E2CF7CAA1F3F974800962F1D /* Sources */,
				E2CF7CAB1F3F974800962F1D /* Frameworks */,
				E2CF7CAC1F3F974800962F1D /* Resources */,
			);
			buildRules = (
			);
			dependencies = (
				E2CF7CB41F3F974800962F1D /* PBXTargetDependency */,
			);
			name = ShopperTests;
			productName = ShopperTests;
			productReference = E2CF7CAE1F3F974800962F1D /* ShopperTests.xctest */;
			productType = "com.apple.product-type.bundle.unit-test";
		};
/* End PBXNativeTarget section */

/* Begin PBXProject section */
		E2CF7C891F3EB0C400962F1D /* Project object */ = {
			isa = PBXProject;
			attributes = {
				LastSwiftUpdateCheck = 0900;
				LastUpgradeCheck = 0900;
				ORGANIZATIONNAME = "Yashim Greene";
				TargetAttributes = {
					E2CF7C901F3EB0C400962F1D = {
						CreatedOnToolsVersion = 9.0;
					};
					E2CF7CAD1F3F974800962F1D = {
						CreatedOnToolsVersion = 9.0;
						TestTargetID = E2CF7C901F3EB0C400962F1D;
					};
				};
			};
			buildConfigurationList = E2CF7C8C1F3EB0C400962F1D /* Build configuration list for PBXProject "Shopper" */;
			compatibilityVersion = "Xcode 8.0";
			developmentRegion = en;
			hasScannedForEncodings = 0;
			knownRegions = (
				en,
				Base,
			);
			mainGroup = E2CF7C881F3EB0C400962F1D;
			productRefGroup = E2CF7C921F3EB0C400962F1D /* Products */;
			projectDirPath = "";
			projectRoot = "";
			targets = (
				E2CF7C901F3EB0C400962F1D /* Shopper */,
				E2CF7CAD1F3F974800962F1D /* ShopperTests */,
			);
		};
/* End PBXProject section */

/* Begin PBXResourcesBuildPhase section */
		E2CF7C8F1F3EB0C400962F1D /* Resources */ = {
			isa = PBXResourcesBuildPhase;
			buildActionMask = 2147483647;
			files = (
				E2CF7C9F1F3EB0C400962F1D /* LaunchScreen.storyboard in Resources */,
				E2CF7C9C1F3EB0C400962F1D /* Assets.xcassets in Resources */,
				E2CF7C9A1F3EB0C400962F1D /* Main.storyboard in Resources */,
			);
			runOnlyForDeploymentPostprocessing = 0;
		};
		E2CF7CAC1F3F974800962F1D /* Resources */ = {
			isa = PBXResourcesBuildPhase;
			buildActionMask = 2147483647;
			files = (
			);
			runOnlyForDeploymentPostprocessing = 0;
		};
/* End PBXResourcesBuildPhase section */

/* Begin PBXSourcesBuildPhase section */
		E2CF7C8D1F3EB0C400962F1D /* Sources */ = {
			isa = PBXSourcesBuildPhase;
			buildActionMask = 2147483647;
			files = (
				E2CF7CA91F3EB36700962F1D /* CurrencyTxtField.swift in Sources */,
				E2CF7CBA1F3F976F00962F1D /* Wage.swift in Sources */,
				E2CF7C971F3EB0C400962F1D /* MainVC.swift in Sources */,
				E2CF7C951F3EB0C400962F1D /* AppDelegate.swift in Sources */,
			);
			runOnlyForDeploymentPostprocessing = 0;
		};
		E2CF7CAA1F3F974800962F1D /* Sources */ = {
			isa = PBXSourcesBuildPhase;
			buildActionMask = 2147483647;
			files = (
				E2CF7CB11F3F974800962F1D /* ShopperTests.swift in Sources */,
				E2CF7CBB1F3F98A700962F1D /* Wage.swift in Sources */,
			);
			runOnlyForDeploymentPostprocessing = 0;
		};
/* End PBXSourcesBuildPhase section */

/* Begin PBXTargetDependency section */
		E2CF7CB41F3F974800962F1D /* PBXTargetDependency */ = {
			isa = PBXTargetDependency;
			target = E2CF7C901F3EB0C400962F1D /* Shopper */;
			targetProxy = E2CF7CB31F3F974800962F1D /* PBXContainerItemProxy */;
		};
/* End PBXTargetDependency section */

/* Begin PBXVariantGroup section */
		E2CF7C981F3EB0C400962F1D /* Main.storyboard */ = {
			isa = PBXVariantGroup;
			children = (
				E2CF7C991F3EB0C400962F1D /* Base */,
			);
			name = Main.storyboard;
			sourceTree = "<group>";
		};
		E2CF7C9D1F3EB0C400962F1D /* LaunchScreen.storyboard */ = {
			isa = PBXVariantGroup;
			children = (
				E2CF7C9E1F3EB0C400962F1D /* Base */,
			);
			name = LaunchScreen.storyboard;
			sourceTree = "<group>";
		};
/* End PBXVariantGroup section */

/* Begin XCBuildConfiguration section */
		E2CF7CA11F3EB0C400962F1D /* Debug */ = {
			isa = XCBuildConfiguration;
			buildSettings = {
				ALWAYS_SEARCH_USER_PATHS = NO;
				CLANG_ANALYZER_NONNULL = YES;
				CLANG_ANALYZER_NUMBER_OBJECT_CONVERSION = YES_AGGRESSIVE;
				CLANG_CXX_LANGUAGE_STANDARD = "gnu++14";
				CLANG_CXX_LIBRARY = "libc++";
				CLANG_ENABLE_MODULES = YES;
				CLANG_ENABLE_OBJC_ARC = YES;
				CLANG_WARN_BLOCK_CAPTURE_AUTORELEASING = YES;
				CLANG_WARN_BOOL_CONVERSION = YES;
				CLANG_WARN_COMMA = YES;
				CLANG_WARN_CONSTANT_CONVERSION = YES;
				CLANG_WARN_DIRECT_OBJC_ISA_USAGE = YES_ERROR;
				CLANG_WARN_DOCUMENTATION_COMMENTS = YES;
				CLANG_WARN_EMPTY_BODY = YES;
				CLANG_WARN_ENUM_CONVERSION = YES;
				CLANG_WARN_INFINITE_RECURSION = YES;
				CLANG_WARN_INT_CONVERSION = YES;
				CLANG_WARN_NON_LITERAL_NULL_CONVERSION = YES;
				CLANG_WARN_OBJC_LITERAL_CONVERSION = YES;
				CLANG_WARN_OBJC_ROOT_CLASS = YES_ERROR;
				CLANG_WARN_RANGE_LOOP_ANALYSIS = YES;
				CLANG_WARN_STRICT_PROTOTYPES = YES;
				CLANG_WARN_SUSPICIOUS_MOVE = YES;
				CLANG_WARN_UNGUARDED_AVAILABILITY = YES_AGGRESSIVE;
				CLANG_WARN_UNREACHABLE_CODE = YES;
				CLANG_WARN__DUPLICATE_METHOD_MATCH = YES;
				CODE_SIGN_IDENTITY = "iPhone Developer";
				COPY_PHASE_STRIP = NO;
				DEBUG_INFORMATION_FORMAT = dwarf;
				ENABLE_STRICT_OBJC_MSGSEND = YES;
				ENABLE_TESTABILITY = YES;
				GCC_C_LANGUAGE_STANDARD = gnu11;
				GCC_DYNAMIC_NO_PIC = NO;
				GCC_NO_COMMON_BLOCKS = YES;
				GCC_OPTIMIZATION_LEVEL = 0;
				GCC_PREPROCESSOR_DEFINITIONS = (
					"DEBUG=1",
					"$(inherited)",
				);
				GCC_WARN_64_TO_32_BIT_CONVERSION = YES;
				GCC_WARN_ABOUT_RETURN_TYPE = YES_ERROR;
				GCC_WARN_UNDECLARED_SELECTOR = YES;
				GCC_WARN_UNINITIALIZED_AUTOS = YES_AGGRESSIVE;
				GCC_WARN_UNUSED_FUNCTION = YES;
				GCC_WARN_UNUSED_VARIABLE = YES;
				IPHONEOS_DEPLOYMENT_TARGET = 11.0;
				MTL_ENABLE_DEBUG_INFO = YES;
				ONLY_ACTIVE_ARCH = YES;
				SDKROOT = iphoneos;
				SWIFT_ACTIVE_COMPILATION_CONDITIONS = DEBUG;
				SWIFT_OPTIMIZATION_LEVEL = "-Onone";
			};
			name = Debug;
		};
		E2CF7CA21F3EB0C400962F1D /* Release */ = {
			isa = XCBuildConfiguration;
			buildSettings = {
				ALWAYS_SEARCH_USER_PATHS = NO;
				CLANG_ANALYZER_NONNULL = YES;
				CLANG_ANALYZER_NUMBER_OBJECT_CONVERSION = YES_AGGRESSIVE;
				CLANG_CXX_LANGUAGE_STANDARD = "gnu++14";
				CLANG_CXX_LIBRARY = "libc++";
				CLANG_ENABLE_MODULES = YES;
				CLANG_ENABLE_OBJC_ARC = YES;
				CLANG_WARN_BLOCK_CAPTURE_AUTORELEASING = YES;
				CLANG_WARN_BOOL_CONVERSION = YES;
				CLANG_WARN_COMMA = YES;
				CLANG_WARN_CONSTANT_CONVERSION = YES;
				CLANG_WARN_DIRECT_OBJC_ISA_USAGE = YES_ERROR;
				CLANG_WARN_DOCUMENTATION_COMMENTS = YES;
				CLANG_WARN_EMPTY_BODY = YES;
				CLANG_WARN_ENUM_CONVERSION = YES;
				CLANG_WARN_INFINITE_RECURSION = YES;
				CLANG_WARN_INT_CONVERSION = YES;
				CLANG_WARN_NON_LITERAL_NULL_CONVERSION = YES;
				CLANG_WARN_OBJC_LITERAL_CONVERSION = YES;
				CLANG_WARN_OBJC_ROOT_CLASS = YES_ERROR;
				CLANG_WARN_RANGE_LOOP_ANALYSIS = YES;
				CLANG_WARN_STRICT_PROTOTYPES = YES;
				CLANG_WARN_SUSPICIOUS_MOVE = YES;
				CLANG_WARN_UNGUARDED_AVAILABILITY = YES_AGGRESSIVE;
				CLANG_WARN_UNREACHABLE_CODE = YES;
				CLANG_WARN__DUPLICATE_METHOD_MATCH = YES;
				CODE_SIGN_IDENTITY = "iPhone Developer";
				COPY_PHASE_STRIP = NO;
				DEBUG_INFORMATION_FORMAT = "dwarf-with-dsym";
				ENABLE_NS_ASSERTIONS = NO;
				ENABLE_STRICT_OBJC_MSGSEND = YES;
				GCC_C_LANGUAGE_STANDARD = gnu11;
				GCC_NO_COMMON_BLOCKS = YES;
				GCC_WARN_64_TO_32_BIT_CONVERSION = YES;
				GCC_WARN_ABOUT_RETURN_TYPE = YES_ERROR;
				GCC_WARN_UNDECLARED_SELECTOR = YES;
				GCC_WARN_UNINITIALIZED_AUTOS = YES_AGGRESSIVE;
				GCC_WARN_UNUSED_FUNCTION = YES;
				GCC_WARN_UNUSED_VARIABLE = YES;
				IPHONEOS_DEPLOYMENT_TARGET = 11.0;
				MTL_ENABLE_DEBUG_INFO = NO;
				SDKROOT = iphoneos;
				SWIFT_OPTIMIZATION_LEVEL = "-Owholemodule";
				VALIDATE_PRODUCT = YES;
			};
			name = Release;
		};
		E2CF7CA41F3EB0C400962F1D /* Debug */ = {
			isa = XCBuildConfiguration;
			buildSettings = {
				ASSETCATALOG_COMPILER_APPICON_NAME = AppIcon;
				DEVELOPMENT_TEAM = 5AKU27T6AT;
				INFOPLIST_FILE = Shopper/Info.plist;
				LD_RUNPATH_SEARCH_PATHS = "$(inherited) @executable_path/Frameworks";
				PRODUCT_BUNDLE_IDENTIFIER = com.IAmPlaying.Shopper;
				PRODUCT_NAME = "$(TARGET_NAME)";
				SWIFT_VERSION = 4.0;
				TARGETED_DEVICE_FAMILY = "1,2";
			};
			name = Debug;
		};
		E2CF7CA51F3EB0C400962F1D /* Release */ = {
			isa = XCBuildConfiguration;
			buildSettings = {
				ASSETCATALOG_COMPILER_APPICON_NAME = AppIcon;
				DEVELOPMENT_TEAM = 5AKU27T6AT;
				INFOPLIST_FILE = Shopper/Info.plist;
				LD_RUNPATH_SEARCH_PATHS = "$(inherited) @executable_path/Frameworks";
				PRODUCT_BUNDLE_IDENTIFIER = com.IAmPlaying.Shopper;
				PRODUCT_NAME = "$(TARGET_NAME)";
				SWIFT_VERSION = 4.0;
				TARGETED_DEVICE_FAMILY = "1,2";
			};
			name = Release;
		};
		E2CF7CB61F3F974800962F1D /* Debug */ = {
			isa = XCBuildConfiguration;
			buildSettings = {
				BUNDLE_LOADER = "$(TEST_HOST)";
				DEVELOPMENT_TEAM = 5AKU27T6AT;
				INFOPLIST_FILE = ShopperTests/Info.plist;
				LD_RUNPATH_SEARCH_PATHS = "$(inherited) @executable_path/Frameworks @loader_path/Frameworks";
				PRODUCT_BUNDLE_IDENTIFIER = com.IAmPlaying.ShopperTests;
				PRODUCT_NAME = "$(TARGET_NAME)";
				SWIFT_VERSION = 4.0;
				TARGETED_DEVICE_FAMILY = "1,2";
				TEST_HOST = "$(BUILT_PRODUCTS_DIR)/Shopper.app/Shopper";
			};
			name = Debug;
		};
		E2CF7CB71F3F974800962F1D /* Release */ = {
			isa = XCBuildConfiguration;
			buildSettings = {
				BUNDLE_LOADER = "$(TEST_HOST)";
				DEVELOPMENT_TEAM = 5AKU27T6AT;
				INFOPLIST_FILE = ShopperTests/Info.plist;
				LD_RUNPATH_SEARCH_PATHS = "$(inherited) @executable_path/Frameworks @loader_path/Frameworks";
				PRODUCT_BUNDLE_IDENTIFIER = com.IAmPlaying.ShopperTests;
				PRODUCT_NAME = "$(TARGET_NAME)";
				SWIFT_VERSION = 4.0;
				TARGETED_DEVICE_FAMILY = "1,2";
				TEST_HOST = "$(BUILT_PRODUCTS_DIR)/Shopper.app/Shopper";
			};
			name = Release;
		};
/* End XCBuildConfiguration section */

/* Begin XCConfigurationList section */
		E2CF7C8C1F3EB0C400962F1D /* Build configuration list for PBXProject "Shopper" */ = {
			isa = XCConfigurationList;
			buildConfigurations = (
				E2CF7CA11F3EB0C400962F1D /* Debug */,
				E2CF7CA21F3EB0C400962F1D /* Release */,
			);
			defaultConfigurationIsVisible = 0;
			defaultConfigurationName = Release;
		};
		E2CF7CA31F3EB0C400962F1D /* Build configuration list for PBXNativeTarget "Shopper" */ = {
			isa = XCConfigurationList;
			buildConfigurations = (
				E2CF7CA41F3EB0C400962F1D /* Debug */,
				E2CF7CA51F3EB0C400962F1D /* Release */,
			);
			defaultConfigurationIsVisible = 0;
		};
		E2CF7CB51F3F974800962F1D /* Build configuration list for PBXNativeTarget "ShopperTests" */ = {
			isa = XCConfigurationList;
			buildConfigurations = (
				E2CF7CB61F3F974800962F1D /* Debug */,
				E2CF7CB71F3F974800962F1D /* Release */,
			);
			defaultConfigurationIsVisible = 0;
		};
/* End XCConfigurationList section */
	};
	rootObject = E2CF7C891F3EB0C400962F1D /* Project object */;
}
